
Microsoft Visual Studio Solution File, Format Version 12.00
# Visual Studio Version 17
VisualStudioVersion = 17.6.33815.320
MinimumVisualStudioVersion = 10.0.40219.1
Project("{FAE04EC0-301F-11D3-BF4B-00C04F79EFBC}") = "Student_management_system_4366", "Student_management_system_4366.csproj", "{EFB05C07-E48C-4DF7-926C-17936331DD12}"
EndProject
Global
	GlobalSection(SolutionConfigurationPlatforms) = preSolution
		Debug|Any CPU = Debug|Any CPU
		Release|Any CPU = Release|Any CPU
	EndGlobalSection
	GlobalSection(ProjectConfigurationPlatforms) = postSolution
		{EFB05C07-E48C-4DF7-926C-17936331DD12}.Debug|Any CPU.ActiveCfg = Debug|Any CPU
		{EFB05C07-E48C-4DF7-926C-17936331DD12}.Debug|Any CPU.Build.0 = Debug|Any CPU
		{EFB05C07-E48C-4DF7-926C-17936331DD12}.Release|Any CPU.ActiveCfg = Release|Any CPU
		{EFB05C07-E48C-4DF7-926C-17936331DD12}.Release|Any CPU.Build.0 = Release|Any CPU
	EndGlobalSection
	GlobalSection(SolutionProperties) = preSolution
		HideSolutionNode = FALSE
	EndGlobalSection
	GlobalSection(ExtensibilityGlobals) = postSolution
		SolutionGuid = {C6DD0375-7BD1-4EE0-9CA4-08A5801CB070}
	EndGlobalSection
EndGlobal
